{
  "name": "iWallet",
  "lockfileVersion": 2,
  "requires": true,
  "packages": {
    "": {
      "dependencies": {
        "react-native-credit-card-input": "^0.4.1"
      }
    },
    "node_modules/card-validator": {
      "version": "3.0.1",
      "resolved": "https://registry.npmjs.org/card-validator/-/card-validator-3.0.1.tgz",
      "integrity": "sha1-3ML6vWoc0h82GyU2Qjpy3pmgiU8=",
      "dependencies": {
        "credit-card-type": "^5.0.0",
        "lodash": "3.10.1"
      }
    },
    "node_modules/credit-card-type": {
      "version": "5.0.4",
      "resolved": "https://registry.npmjs.org/credit-card-type/-/credit-card-type-5.0.4.tgz",
      "integrity": "sha1-LdnfKAQRziu5Htlawx6BRgVxeu0="
    },
    "node_modules/js-tokens": {
      "version": "4.0.0",
      "resolved": "https://registry.npmjs.org/js-tokens/-/js-tokens-4.0.0.tgz",
      "integrity": "sha512-RdJUflcE3cUzKiMqQgsCu06FPu9UdIJO0beYbPhHN4k6apgJtifcoCtT9bcxOpYBtpD2kCM6Sbzg4CausW/PKQ=="
    },
    "node_modules/lodash": {
      "version": "3.10.1",
      "resolved": "https://registry.npmjs.org/lodash/-/lodash-3.10.1.tgz",
      "integrity": "sha1-W/Rejkm6QYnhfUgnid/RW9FAt7Y="
    },
    "node_modules/lodash.compact": {
      "version": "3.0.1",
      "resolved": "https://registry.npmjs.org/lodash.compact/-/lodash.compact-3.0.1.tgz",
      "integrity": "sha1-VAzjg3dFl1gHRx4WtKK6IeclbKU="
    },
    "node_modules/lodash.every": {
      "version": "4.6.0",
      "resolved": "https://registry.npmjs.org/lodash.every/-/lodash.every-4.6.0.tgz",
      "integrity": "sha1-64mYS+vENkJ5uzrvu9HKGb+mxqc="
    },
    "node_modules/lodash.pick": {
      "version": "4.4.0",
      "resolved": "https://registry.npmjs.org/lodash.pick/-/lodash.pick-4.4.0.tgz",
      "integrity": "sha1-UvBWEP/53tQiYRRB7R/BI6AwAbM="
    },
    "node_modules/lodash.values": {
      "version": "4.3.0",
      "resolved": "https://registry.npmjs.org/lodash.values/-/lodash.values-4.3.0.tgz",
      "integrity": "sha1-o6bCsOvsxcLLocF+bmIP6BtT00c="
    },
    "node_modules/loose-envify": {
      "version": "1.4.0",
      "resolved": "https://registry.npmjs.org/loose-envify/-/loose-envify-1.4.0.tgz",
      "integrity": "sha512-lyuxPGr/Wfhrlem2CL/UcnUc1zcqKAImBDzukY7Y5F/yQiNdko6+fRLevlw1HgMySw7f611UIY408EtxRSoK3Q==",
      "dependencies": {
        "js-tokens": "^3.0.0 || ^4.0.0"
      },
      "bin": {
        "loose-envify": "cli.js"
      }
    },
    "node_modules/object-assign": {
      "version": "4.1.1",
      "resolved": "https://registry.npmjs.org/object-assign/-/object-assign-4.1.1.tgz",
      "integrity": "sha1-IQmtx5ZYh8/AXLvUQsrIv7s2CGM=",
      "engines": {
        "node": ">=0.10.0"
      }
    },
    "node_modules/prop-types": {
      "version": "15.7.2",
      "resolved": "https://registry.npmjs.org/prop-types/-/prop-types-15.7.2.tgz",
      "integrity": "sha512-8QQikdH7//R2vurIJSutZ1smHYTcLpRWEOlHnzcWHmBYrOGUysKwSsrC89BCiFj3CbrfJ/nXFdJepOVrY1GCHQ==",
      "dependencies": {
        "loose-envify": "^1.4.0",
        "object-assign": "^4.1.1",
        "react-is": "^16.8.1"
      }
    },
    "node_modules/react-is": {
      "version": "16.13.1",
      "resolved": "https://registry.npmjs.org/react-is/-/react-is-16.13.1.tgz",
      "integrity": "sha512-24e6ynE2H+OKt4kqsOvNd8kBpV65zoxbA4BVsEOB3ARVWQki/DHzaUoC5KuON/BiccDaCCTZBuOcfZs70kR8bQ=="
    },
    "node_modules/react-native-credit-card-input": {
      "version": "0.4.1",
      "resolved": "https://registry.npmjs.org/react-native-credit-card-input/-/react-native-credit-card-input-0.4.1.tgz",
      "integrity": "sha1-5i3Rqb7qtnh+U3O6I7k4Mcv1894=",
      "dependencies": {
        "card-validator": "^3.0.0",
        "lodash.compact": "^3.0.1",
        "lodash.every": "^4.6.0",
        "lodash.pick": "^4.4.0",
        "lodash.values": "^4.3.0",
        "prop-types": "^15.6.0",
        "react-native-flip-card": "^3.4.1"
      }
    },
    "node_modules/react-native-flip-card": {
      "version": "3.5.6",
      "resolved": "https://registry.npmjs.org/react-native-flip-card/-/react-native-flip-card-3.5.6.tgz",
      "integrity": "sha512-lqsjl4vF5DyHD7mjBJpyBoaLKVxalzoKfCosE63QF+TaCF9MKdJrxmGFQj/i64GDiMJqeS/5sNDcICUXtgFsVA==",
      "dependencies": {
        "prop-types": "^15.5.10"
      }
    }
  },
  "dependencies": {
    "card-validator": {
      "version": "3.0.1",
      "resolved": "https://registry.npmjs.org/card-validator/-/card-validator-3.0.1.tgz",
      "integrity": "sha1-3ML6vWoc0h82GyU2Qjpy3pmgiU8=",
      "requires": {
        "credit-card-type": "^5.0.0",
        "lodash": "3.10.1"
      }
    },
    "credit-card-type": {
      "version": "5.0.4",
      "resolved": "https://registry.npmjs.org/credit-card-type/-/credit-card-type-5.0.4.tgz",
      "integrity": "sha1-LdnfKAQRziu5Htlawx6BRgVxeu0="
    },
    "js-tokens": {
      "version": "4.0.0",
      "resolved": "https://registry.npmjs.org/js-tokens/-/js-tokens-4.0.0.tgz",
      "integrity": "sha512-RdJUflcE3cUzKiMqQgsCu06FPu9UdIJO0beYbPhHN4k6apgJtifcoCtT9bcxOpYBtpD2kCM6Sbzg4CausW/PKQ=="
    },
    "lodash": {
      "version": "3.10.1",
      "resolved": "https://registry.npmjs.org/lodash/-/lodash-3.10.1.tgz",
      "integrity": "sha1-W/Rejkm6QYnhfUgnid/RW9FAt7Y="
    },
    "lodash.compact": {
      "version": "3.0.1",
      "resolved": "https://registry.npmjs.org/lodash.compact/-/lodash.compact-3.0.1.tgz",
      "integrity": "sha1-VAzjg3dFl1gHRx4WtKK6IeclbKU="
    },
    "lodash.every": {
      "version": "4.6.0",
      "resolved": "https://registry.npmjs.org/lodash.every/-/lodash.every-4.6.0.tgz",
      "integrity": "sha1-64mYS+vENkJ5uzrvu9HKGb+mxqc="
    },
    "lodash.pick": {
      "version": "4.4.0",
      "resolved": "https://registry.npmjs.org/lodash.pick/-/lodash.pick-4.4.0.tgz",
      "integrity": "sha1-UvBWEP/53tQiYRRB7R/BI6AwAbM="
    },
    "lodash.values": {
      "version": "4.3.0",
      "resolved": "https://registry.npmjs.org/lodash.values/-/lodash.values-4.3.0.tgz",
      "integrity": "sha1-o6bCsOvsxcLLocF+bmIP6BtT00c="
    },
    "loose-envify": {
      "version": "1.4.0",
      "resolved": "https://registry.npmjs.org/loose-envify/-/loose-envify-1.4.0.tgz",
      "integrity": "sha512-lyuxPGr/Wfhrlem2CL/UcnUc1zcqKAImBDzukY7Y5F/yQiNdko6+fRLevlw1HgMySw7f611UIY408EtxRSoK3Q==",
      "requires": {
        "js-tokens": "^3.0.0 || ^4.0.0"
      }
    },
    "object-assign": {
      "version": "4.1.1",
      "resolved": "https://registry.npmjs.org/object-assign/-/object-assign-4.1.1.tgz",
      "integrity": "sha1-IQmtx5ZYh8/AXLvUQsrIv7s2CGM="
    },
    "prop-types": {
      "version": "15.7.2",
      "resolved": "https://registry.npmjs.org/prop-types/-/prop-types-15.7.2.tgz",
      "integrity": "sha512-8QQikdH7//R2vurIJSutZ1smHYTcLpRWEOlHnzcWHmBYrOGUysKwSsrC89BCiFj3CbrfJ/nXFdJepOVrY1GCHQ==",
      "requires": {
        "loose-envify": "^1.4.0",
        "object-assign": "^4.1.1",
        "react-is": "^16.8.1"
      }
    },
    "react-is": {
      "version": "16.13.1",
      "resolved": "https://registry.npmjs.org/react-is/-/react-is-16.13.1.tgz",
      "integrity": "sha512-24e6ynE2H+OKt4kqsOvNd8kBpV65zoxbA4BVsEOB3ARVWQki/DHzaUoC5KuON/BiccDaCCTZBuOcfZs70kR8bQ=="
    },
    "react-native-credit-card-input": {
      "version": "0.4.1",
      "resolved": "https://registry.npmjs.org/react-native-credit-card-input/-/react-native-credit-card-input-0.4.1.tgz",
      "integrity": "sha1-5i3Rqb7qtnh+U3O6I7k4Mcv1894=",
      "requires": {
        "card-validator": "^3.0.0",
        "lodash.compact": "^3.0.1",
        "lodash.every": "^4.6.0",
        "lodash.pick": "^4.4.0",
        "lodash.values": "^4.3.0",
        "prop-types": "^15.6.0",
        "react-native-flip-card": "^3.4.1"
      }
    },
    "react-native-flip-card": {
      "version": "3.5.6",
      "resolved": "https://registry.npmjs.org/react-native-flip-card/-/react-native-flip-card-3.5.6.tgz",
      "integrity": "sha512-lqsjl4vF5DyHD7mjBJpyBoaLKVxalzoKfCosE63QF+TaCF9MKdJrxmGFQj/i64GDiMJqeS/5sNDcICUXtgFsVA==",
      "requires": {
        "prop-types": "^15.5.10"
      }
    }
  }
}
